
Microsoft Visual Studio Solution File, Format Version 12.00
# Visual Studio Version 17
VisualStudioVersion = 17.7.34024.191
MinimumVisualStudioVersion = 10.0.40219.1
Project("{FAE04EC0-301F-11D3-BF4B-00C04F79EFBC}") = "TraveApi", "TraveApi\TraveApi.csproj", "{F390C55B-7423-4411-B4F8-BD55BE93D272}"
EndProject
Global
	GlobalSection(SolutionConfigurationPlatforms) = preSolution
		Debug|Any CPU = Debug|Any CPU
		Release|Any CPU = Release|Any CPU
	EndGlobalSection
	GlobalSection(ProjectConfigurationPlatforms) = postSolution
		{F390C55B-7423-4411-B4F8-BD55BE93D272}.Debug|Any CPU.ActiveCfg = Debug|Any CPU
		{F390C55B-7423-4411-B4F8-BD55BE93D272}.Debug|Any CPU.Build.0 = Debug|Any CPU
		{F390C55B-7423-4411-B4F8-BD55BE93D272}.Release|Any CPU.ActiveCfg = Release|Any CPU
		{F390C55B-7423-4411-B4F8-BD55BE93D272}.Release|Any CPU.Build.0 = Release|Any CPU
	EndGlobalSection
	GlobalSection(SolutionProperties) = preSolution
		HideSolutionNode = FALSE
	EndGlobalSection
	GlobalSection(ExtensibilityGlobals) = postSolution
		SolutionGuid = {18C488B7-D638-424C-AD6D-4DC238646040}
	EndGlobalSection
EndGlobal
